// !$*UTF8*$!
{
	archiveVersion = 1;
	classes = {
	};
	objectVersion = 56;
	objects = {

/* Begin PBXBuildFile section */
		937EBE962F969025007562BC /* Assets.xcassets in Resources */ = {isa = PBXBuildFile; fileRef = 937EBE952F969025007562BC /* Assets.xcassets */; };
		B001 /* OllamaChatApp.swift in Sources */ = {isa = PBXBuildFile; fileRef = A001 /* OllamaChatApp.swift */; };
		B002 /* ContentView.swift in Sources */ = {isa = PBXBuildFile; fileRef = A002 /* ContentView.swift */; };
		B003 /* Models.swift in Sources */ = {isa = PBXBuildFile; fileRef = A003 /* Models.swift */; };
		B004 /* OllamaService.swift in Sources */ = {isa = PBXBuildFile; fileRef = A004 /* OllamaService.swift */; };
		B005 /* ChatStore.swift in Sources */ = {isa = PBXBuildFile; fileRef = A005 /* ChatStore.swift */; };
		B006 /* SidebarView.swift in Sources */ = {isa = PBXBuildFile; fileRef = A006 /* SidebarView.swift */; };
		B007 /* ChatView.swift in Sources */ = {isa = PBXBuildFile; fileRef = A007 /* ChatView.swift */; };
		B008 /* MessageRow.swift in Sources */ = {isa = PBXBuildFile; fileRef = A008 /* MessageRow.swift */; };
		B009 /* HotkeyManager.swift in Sources */ = {isa = PBXBuildFile; fileRef = A009 /* HotkeyManager.swift */; };
		B010 /* AssistantPanelManager.swift in Sources */ = {isa = PBXBuildFile; fileRef = A010 /* AssistantPanelManager.swift */; };
		B011 /* AssistantView.swift in Sources */ = {isa = PBXBuildFile; fileRef = A011 /* AssistantView.swift */; };
/* End PBXBuildFile section */

/* Begin PBXFileReference section */
		937EBE952F969025007562BC /* Assets.xcassets */ = {isa = PBXFileReference; lastKnownFileType = folder.assetcatalog; path = Assets.xcassets; sourceTree = "<group>"; };
		A001 /* OllamaChatApp.swift */ = {isa = PBXFileReference; lastKnownFileType = sourcecode.swift; path = OllamaChatApp.swift; sourceTree = "<group>"; };
		A002 /* ContentView.swift */ = {isa = PBXFileReference; lastKnownFileType = sourcecode.swift; path = ContentView.swift; sourceTree = "<group>"; };
		A003 /* Models.swift */ = {isa = PBXFileReference; lastKnownFileType = sourcecode.swift; path = Models.swift; sourceTree = "<group>"; };
		A004 /* OllamaService.swift */ = {isa = PBXFileReference; lastKnownFileType = sourcecode.swift; path = OllamaService.swift; sourceTree = "<group>"; };
		A005 /* ChatStore.swift */ = {isa = PBXFileReference; lastKnownFileType = sourcecode.swift; path = ChatStore.swift; sourceTree = "<group>"; };
		A006 /* SidebarView.swift */ = {isa = PBXFileReference; lastKnownFileType = sourcecode.swift; path = SidebarView.swift; sourceTree = "<group>"; };
		A007 /* ChatView.swift */ = {isa = PBXFileReference; lastKnownFileType = sourcecode.swift; path = ChatView.swift; sourceTree = "<group>"; };
		A008 /* MessageRow.swift */ = {isa = PBXFileReference; lastKnownFileType = sourcecode.swift; path = MessageRow.swift; sourceTree = "<group>"; };
		A009 /* HotkeyManager.swift */ = {isa = PBXFileReference; lastKnownFileType = sourcecode.swift; path = HotkeyManager.swift; sourceTree = "<group>"; };
		A010 /* AssistantPanelManager.swift */ = {isa = PBXFileReference; lastKnownFileType = sourcecode.swift; path = AssistantPanelManager.swift; sourceTree = "<group>"; };
		A011 /* AssistantView.swift */ = {isa = PBXFileReference; lastKnownFileType = sourcecode.swift; path = AssistantView.swift; sourceTree = "<group>"; };
		PROD /* Kairo.app */ = {isa = PBXFileReference; explicitFileType = wrapper.application; includeInIndex = 0; path = Kairo.app; sourceTree = BUILT_PRODUCTS_DIR; };
/* End PBXFileReference section */

/* Begin PBXFrameworksBuildPhase section */
		FW01 /* Frameworks */ = {
			isa = PBXFrameworksBuildPhase;
			buildActionMask = 2147483647;
			files = (
			);
			runOnlyForDeploymentPostprocessing = 0;
		};
/* End PBXFrameworksBuildPhase section */

/* Begin PBXGroup section */
		PRODGROUP /* Products */ = {
			isa = PBXGroup;
			children = (
				PROD /* Kairo.app */,
			);
			name = Products;
			sourceTree = "<group>";
		};
		ROOT = {
			isa = PBXGroup;
			children = (
				937EBE952F969025007562BC /* Assets.xcassets */,
				SRCGROUP /* Kairo */,
				PRODGROUP /* Products */,
			);
			sourceTree = "<group>";
		};
		SRCGROUP /* Kairo */ = {
			isa = PBXGroup;
			children = (
				A001 /* OllamaChatApp.swift */,
				A002 /* ContentView.swift */,
				A003 /* Models.swift */,
				A004 /* OllamaService.swift */,
				A005 /* ChatStore.swift */,
				A006 /* SidebarView.swift */,
				A007 /* ChatView.swift */,
				A008 /* MessageRow.swift */,
				A009 /* HotkeyManager.swift */,
				A010 /* AssistantPanelManager.swift */,
				A011 /* AssistantView.swift */,
			);
			path = Kairo;
			sourceTree = "<group>";
		};
/* End PBXGroup section */

/* Begin PBXNativeTarget section */
		TARGET /* Kairo */ = {
			isa = PBXNativeTarget;
			buildConfigurationList = CFGLIST /* Build configuration list for PBXNativeTarget "Kairo" */;
			buildPhases = (
				SRC01 /* Sources */,
				FW01 /* Frameworks */,
				RES01 /* Resources */,
			);
			buildRules = (
			);
			dependencies = (
			);
			name = Kairo;
			productName = OllamaChat;
			productReference = PROD /* Kairo.app */;
			productType = "com.apple.product-type.application";
		};
/* End PBXNativeTarget section */

/* Begin PBXProject section */
		PROJ /* Project object */ = {
			isa = PBXProject;
			attributes = {
				BuildIndependentTargetsInParallel = 1;
				LastSwiftUpdateCheck = 1500;
				LastUpgradeCheck = 1500;
				TargetAttributes = {
					TARGET = {
						CreatedOnToolsVersion = 15.0;
					};
				};
			};
			buildConfigurationList = PROJCFG /* Build configuration list for PBXProject "Kairo" */;
			compatibilityVersion = "Xcode 14.0";
			developmentRegion = en;
			hasScannedForEncodings = 0;
			knownRegions = (
				en,
				Base,
			);
			mainGroup = ROOT;
			productRefGroup = PRODGROUP /* Products */;
			projectDirPath = "";
			projectRoot = "";
			targets = (
				TARGET /* Kairo */,
			);
		};
/* End PBXProject section */

/* Begin PBXResourcesBuildPhase section */
		RES01 /* Resources */ = {
			isa = PBXResourcesBuildPhase;
			buildActionMask = 2147483647;
			files = (
				937EBE962F969025007562BC /* Assets.xcassets in Resources */,
			);
			runOnlyForDeploymentPostprocessing = 0;
		};
/* End PBXResourcesBuildPhase section */

/* Begin PBXSourcesBuildPhase section */
		SRC01 /* Sources */ = {
			isa = PBXSourcesBuildPhase;
			buildActionMask = 2147483647;
			files = (
				B001 /* OllamaChatApp.swift in Sources */,
				B002 /* ContentView.swift in Sources */,
				B003 /* Models.swift in Sources */,
				B004 /* OllamaService.swift in Sources */,
				B005 /* ChatStore.swift in Sources */,
				B006 /* SidebarView.swift in Sources */,
				B007 /* ChatView.swift in Sources */,
				B008 /* MessageRow.swift in Sources */,
				B009 /* HotkeyManager.swift in Sources */,
				B010 /* AssistantPanelManager.swift in Sources */,
				B011 /* AssistantView.swift in Sources */,
			);
			runOnlyForDeploymentPostprocessing = 0;
		};
/* End PBXSourcesBuildPhase section */

/* Begin XCBuildConfiguration section */
		CFG_DEBUG /* Debug */ = {
			isa = XCBuildConfiguration;
			buildSettings = {
				ASSETCATALOG_COMPILER_APPICON_NAME = AppIcon;
				ASSETCATALOG_COMPILER_GLOBAL_ACCENT_COLOR_NAME = AccentColor;
				CODE_SIGN_STYLE = Automatic;
				COMBINE_HIDPI_IMAGES = YES;
				CURRENT_PROJECT_VERSION = 1;
				DEVELOPMENT_TEAM = "";
				ENABLE_HARDENED_RUNTIME = YES;
				GENERATE_INFOPLIST_FILE = YES;
				INFOPLIST_KEY_CFBundleDisplayName = Kairo;
				INFOPLIST_KEY_NSHumanReadableDescription = "AI chat app for Ollama";
				INFOPLIST_KEY_NSLocalNetworkUsageDescription = "Used to connect to local Ollama server";
				LD_RUNPATH_SEARCH_PATHS = "@executable_path/../Frameworks";
				MACOSX_DEPLOYMENT_TARGET = 14.0;
				MARKETING_VERSION = 1.0;
				PRODUCT_BUNDLE_IDENTIFIER = com.ollamachat.app;
				PRODUCT_NAME = "$(TARGET_NAME)";
				SDKROOT = macosx;
				SWIFT_EMIT_LOC_STRINGS = YES;
				SWIFT_VERSION = 5.0;
			};
			name = Debug;
		};
		CFG_RELEASE /* Release */ = {
			isa = XCBuildConfiguration;
			buildSettings = {
				ASSETCATALOG_COMPILER_APPICON_NAME = AppIcon;
				ASSETCATALOG_COMPILER_GLOBAL_ACCENT_COLOR_NAME = AccentColor;
				CODE_SIGN_STYLE = Automatic;
				COMBINE_HIDPI_IMAGES = YES;
				CURRENT_PROJECT_VERSION = 1;
				DEVELOPMENT_TEAM = "";
				ENABLE_HARDENED_RUNTIME = YES;
				GENERATE_INFOPLIST_FILE = YES;
				INFOPLIST_KEY_CFBundleDisplayName = Kairo;
				INFOPLIST_KEY_NSHumanReadableDescription = "AI chat app for Ollama";
				INFOPLIST_KEY_NSLocalNetworkUsageDescription = "Used to connect to local Ollama server";
				LD_RUNPATH_SEARCH_PATHS = "@executable_path/../Frameworks";
				MACOSX_DEPLOYMENT_TARGET = 14.0;
				MARKETING_VERSION = 1.0;
				PRODUCT_BUNDLE_IDENTIFIER = com.ollamachat.app;
				PRODUCT_NAME = "$(TARGET_NAME)";
				SDKROOT = macosx;
				SWIFT_EMIT_LOC_STRINGS = YES;
				SWIFT_VERSION = 5.0;
			};
			name = Release;
		};
		PROJ_DEBUG /* Debug */ = {
			isa = XCBuildConfiguration;
			buildSettings = {
				ALWAYS_SEARCH_USER_PATHS = NO;
				CLANG_ANALYZER_NONNULL = YES;
				DEBUG_INFORMATION_FORMAT = dwarf;
				ENABLE_STRICT_OBJC_MSGSEND = YES;
				ENABLE_TESTABILITY = YES;
				GCC_DYNAMIC_NO_PIC = NO;
				GCC_OPTIMIZATION_LEVEL = 0;
				GCC_PREPROCESSOR_DEFINITIONS = (
					"DEBUG=1",
					"$(inherited)",
				);
				MTL_ENABLE_DEBUG_INFO = INCLUDE_SOURCE;
				MTL_FAST_MATH = YES;
				ONLY_ACTIVE_ARCH = YES;
				SWIFT_ACTIVE_COMPILATION_CONDITIONS = DEBUG;
				SWIFT_OPTIMIZATION_LEVEL = "-Onone";
			};
			name = Debug;
		};
		PROJ_RELEASE /* Release */ = {
			isa = XCBuildConfiguration;
			buildSettings = {
				ALWAYS_SEARCH_USER_PATHS = NO;
				CLANG_ANALYZER_NONNULL = YES;
				COPY_PHASE_STRIP = NO;
				DEBUG_INFORMATION_FORMAT = "dwarf-with-dsym";
				ENABLE_NS_ASSERTIONS = NO;
				ENABLE_STRICT_OBJC_MSGSEND = YES;
				MTL_ENABLE_DEBUG_INFO = NO;
				MTL_FAST_MATH = YES;
				SWIFT_COMPILATION_MODE = wholemodule;
				SWIFT_OPTIMIZATION_LEVEL = "-O";
			};
			name = Release;
		};
/* End XCBuildConfiguration section */

/* Begin XCConfigurationList section */
		CFGLIST /* Build configuration list for PBXNativeTarget "Kairo" */ = {
			isa = XCConfigurationList;
			buildConfigurations = (
				CFG_DEBUG /* Debug */,
				CFG_RELEASE /* Release */,
			);
			defaultConfigurationIsVisible = 0;
			defaultConfigurationName = Release;
		};
		PROJCFG /* Build configuration list for PBXProject "Kairo" */ = {
			isa = XCConfigurationList;
			buildConfigurations = (
				PROJ_DEBUG /* Debug */,
				PROJ_RELEASE /* Release */,
			);
			defaultConfigurationIsVisible = 0;
			defaultConfigurationName = Release;
		};
/* End XCConfigurationList section */
	};
	rootObject = PROJ /* Project object */;
}
